
Microsoft Visual Studio Solution File, Format Version 12.00
# Visual Studio Version 17
VisualStudioVersion = 17.5.002.0
MinimumVisualStudioVersion = 10.0.40219.1
Project("{9A19103F-16F7-4668-BE54-9A1E7A4F7556}") = "Tetris", "Tetris.csproj", "{4208C39B-2CB2-4DDA-A232-6AEB47F1E354}"
EndProject
Global
	GlobalSection(SolutionConfigurationPlatforms) = preSolution
		Debug|Any CPU = Debug|Any CPU
		Release|Any CPU = Release|Any CPU
	EndGlobalSection
	GlobalSection(ProjectConfigurationPlatforms) = postSolution
		{4208C39B-2CB2-4DDA-A232-6AEB47F1E354}.Debug|Any CPU.ActiveCfg = Debug|Any CPU
		{4208C39B-2CB2-4DDA-A232-6AEB47F1E354}.Debug|Any CPU.Build.0 = Debug|Any CPU
		{4208C39B-2CB2-4DDA-A232-6AEB47F1E354}.Release|Any CPU.ActiveCfg = Release|Any CPU
		{4208C39B-2CB2-4DDA-A232-6AEB47F1E354}.Release|Any CPU.Build.0 = Release|Any CPU
	EndGlobalSection
	GlobalSection(SolutionProperties) = preSolution
		HideSolutionNode = FALSE
	EndGlobalSection
	GlobalSection(ExtensibilityGlobals) = postSolution
		SolutionGuid = {B1603A13-8392-4BBB-AA0F-04F1AF78ABA6}
	EndGlobalSection
EndGlobal
